Microsoft Visual Studio Solution File, Format Version 12.00
# Visual Studio 14
VisualStudioVersion = 14.0.25420.1
MinimumVisualStudioVersion = 10.0.40219.1
Project("{F184B08F-C81C-45F6-A57F-5ABD9991F28F}") = "E2096.Module", "E2096.Module\E2096.Module.vbproj", "{83C050B8-C80E-41E1-BDFA-1C461E07FF4C}"
EndProject
Project("{F184B08F-C81C-45F6-A57F-5ABD9991F28F}") = "E2096.Web", "E2096.Web\E2096.Web.vbproj", "{6B8565B8-0086-4E67-BA71-41119A1D79AA}"
EndProject
Project("{F184B08F-C81C-45F6-A57F-5ABD9991F28F}") = "E2096.Win", "E2096.Win\E2096.Win.vbproj", "{C5BC19B4-54EB-42AD-AF81-BCAFB285A27C}"
EndProject
Project("{F184B08F-C81C-45F6-A57F-5ABD9991F28F}") = "HyperLinkPropertyEditor.Win", "HyperLinkPropertyEditor.Win\HyperLinkPropertyEditor.Win.vbproj", "{B8003A32-5D6C-49C5-9216-6BF42EDB83BD}"
EndProject
Project("{F184B08F-C81C-45F6-A57F-5ABD9991F28F}") = "HyperLinkPropertyEditor.Web", "HyperLinkPropertyEditor.Web\HyperLinkPropertyEditor.Web.vbproj", "{D7405FE5-4733-4700-8B8D-8BA1F61BB730}"
EndProject
Project("{F184B08F-C81C-45F6-A57F-5ABD9991F28F}") = "HyperLinkPropertyEditor.Mobile", "HyperLinkPropertyEditor.Mobile\HyperLinkPropertyEditor.Mobile.vbproj", "{1987C5BD-A157-4956-A0B1-8536AF0A65B5}"
EndProject
Project("{F184B08F-C81C-45F6-A57F-5ABD9991F28F}") = "E2096.Mobile", "E2096.Mobile\E2096.Mobile.vbproj", "{920ADD88-8181-492E-B860-89199E8C401E}"
EndProject
Global
	GlobalSection(SolutionConfigurationPlatforms) = preSolution
		Debug|Any CPU = Debug|Any CPU
		EasyTest|Any CPU = EasyTest|Any CPU
		Release|Any CPU = Release|Any CPU
	EndGlobalSection
	GlobalSection(ProjectConfigurationPlatforms) = postSolution
		{83C050B8-C80E-41E1-BDFA-1C461E07FF4C}.Debug|Any CPU.ActiveCfg = Debug|Any CPU
		{83C050B8-C80E-41E1-BDFA-1C461E07FF4C}.Debug|Any CPU.Build.0 = Debug|Any CPU
		{83C050B8-C80E-41E1-BDFA-1C461E07FF4C}.EasyTest|Any CPU.ActiveCfg = EasyTest|Any CPU
		{83C050B8-C80E-41E1-BDFA-1C461E07FF4C}.EasyTest|Any CPU.Build.0 = EasyTest|Any CPU
		{83C050B8-C80E-41E1-BDFA-1C461E07FF4C}.Release|Any CPU.ActiveCfg = Release|Any CPU
		{83C050B8-C80E-41E1-BDFA-1C461E07FF4C}.Release|Any CPU.Build.0 = Release|Any CPU
		{6B8565B8-0086-4E67-BA71-41119A1D79AA}.Debug|Any CPU.ActiveCfg = Debug|Any CPU
		{6B8565B8-0086-4E67-BA71-41119A1D79AA}.Debug|Any CPU.Build.0 = Debug|Any CPU
		{6B8565B8-0086-4E67-BA71-41119A1D79AA}.EasyTest|Any CPU.ActiveCfg = EasyTest|Any CPU
		{6B8565B8-0086-4E67-BA71-41119A1D79AA}.EasyTest|Any CPU.Build.0 = EasyTest|Any CPU
		{6B8565B8-0086-4E67-BA71-41119A1D79AA}.Release|Any CPU.ActiveCfg = Release|Any CPU
		{6B8565B8-0086-4E67-BA71-41119A1D79AA}.Release|Any CPU.Build.0 = Release|Any CPU
		{C5BC19B4-54EB-42AD-AF81-BCAFB285A27C}.Debug|Any CPU.ActiveCfg = Debug|Any CPU
		{C5BC19B4-54EB-42AD-AF81-BCAFB285A27C}.Debug|Any CPU.Build.0 = Debug|Any CPU
		{C5BC19B4-54EB-42AD-AF81-BCAFB285A27C}.EasyTest|Any CPU.ActiveCfg = EasyTest|Any CPU
		{C5BC19B4-54EB-42AD-AF81-BCAFB285A27C}.EasyTest|Any CPU.Build.0 = EasyTest|Any CPU
		{C5BC19B4-54EB-42AD-AF81-BCAFB285A27C}.Release|Any CPU.ActiveCfg = Release|Any CPU
		{C5BC19B4-54EB-42AD-AF81-BCAFB285A27C}.Release|Any CPU.Build.0 = Release|Any CPU
		{B8003A32-5D6C-49C5-9216-6BF42EDB83BD}.Debug|Any CPU.ActiveCfg = Debug|Any CPU
		{B8003A32-5D6C-49C5-9216-6BF42EDB83BD}.Debug|Any CPU.Build.0 = Debug|Any CPU
		{B8003A32-5D6C-49C5-9216-6BF42EDB83BD}.EasyTest|Any CPU.ActiveCfg = Release|Any CPU
		{B8003A32-5D6C-49C5-9216-6BF42EDB83BD}.EasyTest|Any CPU.Build.0 = Release|Any CPU
		{B8003A32-5D6C-49C5-9216-6BF42EDB83BD}.Release|Any CPU.ActiveCfg = Release|Any CPU
		{B8003A32-5D6C-49C5-9216-6BF42EDB83BD}.Release|Any CPU.Build.0 = Release|Any CPU
		{D7405FE5-4733-4700-8B8D-8BA1F61BB730}.Debug|Any CPU.ActiveCfg = Debug|Any CPU
		{D7405FE5-4733-4700-8B8D-8BA1F61BB730}.Debug|Any CPU.Build.0 = Debug|Any CPU
		{D7405FE5-4733-4700-8B8D-8BA1F61BB730}.EasyTest|Any CPU.ActiveCfg = Release|Any CPU
		{D7405FE5-4733-4700-8B8D-8BA1F61BB730}.EasyTest|Any CPU.Build.0 = Release|Any CPU
		{D7405FE5-4733-4700-8B8D-8BA1F61BB730}.Release|Any CPU.ActiveCfg = Release|Any CPU
		{D7405FE5-4733-4700-8B8D-8BA1F61BB730}.Release|Any CPU.Build.0 = Release|Any CPU
		{1987C5BD-A157-4956-A0B1-8536AF0A65B5}.Debug|Any CPU.ActiveCfg = Debug|Any CPU
		{1987C5BD-A157-4956-A0B1-8536AF0A65B5}.Debug|Any CPU.Build.0 = Debug|Any CPU
		{1987C5BD-A157-4956-A0B1-8536AF0A65B5}.EasyTest|Any CPU.ActiveCfg = EasyTest|Any CPU
		{1987C5BD-A157-4956-A0B1-8536AF0A65B5}.EasyTest|Any CPU.Build.0 = EasyTest|Any CPU
		{1987C5BD-A157-4956-A0B1-8536AF0A65B5}.Release|Any CPU.ActiveCfg = Release|Any CPU
		{1987C5BD-A157-4956-A0B1-8536AF0A65B5}.Release|Any CPU.Build.0 = Release|Any CPU
		{920ADD88-8181-492E-B860-89199E8C401E}.Debug|Any CPU.ActiveCfg = Debug|Any CPU
		{920ADD88-8181-492E-B860-89199E8C401E}.Debug|Any CPU.Build.0 = Debug|Any CPU
		{920ADD88-8181-492E-B860-89199E8C401E}.EasyTest|Any CPU.ActiveCfg = EasyTest|Any CPU
		{920ADD88-8181-492E-B860-89199E8C401E}.EasyTest|Any CPU.Build.0 = EasyTest|Any CPU
		{920ADD88-8181-492E-B860-89199E8C401E}.Release|Any CPU.ActiveCfg = Release|Any CPU
		{920ADD88-8181-492E-B860-89199E8C401E}.Release|Any CPU.Build.0 = Release|Any CPU
	EndGlobalSection
	GlobalSection(SolutionProperties) = preSolution
		HideSolutionNode = FALSE
	EndGlobalSection
EndGlobal
